
Microsoft Visual Studio Solution File, Format Version 12.00
# Visual Studio 15
Project("{FAE04EC0-301F-11D3-BF4B-00C04F79EFBC}") = "4_PTBN", "4_PTBN\4_PTBN.csproj", "{D6C70F68-8E34-4647-B3FD-AC6B381F58A5}"
EndProject
Global
	GlobalSection(SolutionConfigurationPlatforms) = preSolution
		Debug|x86 = Debug|x86
		Release|x86 = Release|x86
	EndGlobalSection
	GlobalSection(ProjectConfigurationPlatforms) = postSolution
		{D6C70F68-8E34-4647-B3FD-AC6B381F58A5}.Debug|x86.ActiveCfg = Debug|x86
		{D6C70F68-8E34-4647-B3FD-AC6B381F58A5}.Debug|x86.Build.0 = Debug|x86
		{D6C70F68-8E34-4647-B3FD-AC6B381F58A5}.Release|x86.ActiveCfg = Release|x86
		{D6C70F68-8E34-4647-B3FD-AC6B381F58A5}.Release|x86.Build.0 = Release|x86
	EndGlobalSection
EndGlobal
